
Microsoft Visual Studio Solution File, Format Version 12.00
# Visual Studio Version 17
VisualStudioVersion = 17.9.34701.34
MinimumVisualStudioVersion = 10.0.40219.1
Project("{FAE04EC0-301F-11D3-BF4B-00C04F79EFBC}") = "CahyaFy", "CahyaFy.csproj", "{673C67D8-965C-41C9-86D6-5F88C2CAFFFF}"
EndProject
Global
	GlobalSection(SolutionConfigurationPlatforms) = preSolution
		Debug|Any CPU = Debug|Any CPU
		Release|Any CPU = Release|Any CPU
	EndGlobalSection
	GlobalSection(ProjectConfigurationPlatforms) = postSolution
		{673C67D8-965C-41C9-86D6-5F88C2CAFFFF}.Debug|Any CPU.ActiveCfg = Debug|Any CPU
		{673C67D8-965C-41C9-86D6-5F88C2CAFFFF}.Debug|Any CPU.Build.0 = Debug|Any CPU
		{673C67D8-965C-41C9-86D6-5F88C2CAFFFF}.Release|Any CPU.ActiveCfg = Release|Any CPU
		{673C67D8-965C-41C9-86D6-5F88C2CAFFFF}.Release|Any CPU.Build.0 = Release|Any CPU
	EndGlobalSection
	GlobalSection(SolutionProperties) = preSolution
		HideSolutionNode = FALSE
	EndGlobalSection
	GlobalSection(ExtensibilityGlobals) = postSolution
		SolutionGuid = {57DF597B-DAAC-4DC6-BB15-78E7EB1648CE}
	EndGlobalSection
EndGlobal
